
Microsoft Visual Studio Solution File, Format Version 12.00
# Visual Studio 15
VisualStudioVersion = 15.0.27428.2043
MinimumVisualStudioVersion = 10.0.40219.1
Project("{FAE04EC0-301F-11D3-BF4B-00C04F79EFBC}") = "FakeEight", "FakeEight\FakeEight.csproj", "{C4EAA312-A625-41CA-B5EE-2873A9596177}"
EndProject
Project("{2150E333-8FDC-42A3-9474-1A3956D46DE8}") = "Solution Items", "Solution Items", "{CCC939C0-3665-4909-B6FC-A890B1D8E494}"
	ProjectSection(SolutionItems) = preProject
		README.md = README.md
	EndProjectSection
EndProject
Global
	GlobalSection(SolutionConfigurationPlatforms) = preSolution
		Debug|x86 = Debug|x86
		Release|x86 = Release|x86
	EndGlobalSection
	GlobalSection(ProjectConfigurationPlatforms) = postSolution
		{C4EAA312-A625-41CA-B5EE-2873A9596177}.Debug|x86.ActiveCfg = Debug|x86
		{C4EAA312-A625-41CA-B5EE-2873A9596177}.Debug|x86.Build.0 = Debug|x86
		{C4EAA312-A625-41CA-B5EE-2873A9596177}.Release|x86.ActiveCfg = Release|Any CPU
		{C4EAA312-A625-41CA-B5EE-2873A9596177}.Release|x86.Build.0 = Release|Any CPU
	EndGlobalSection
	GlobalSection(SolutionProperties) = preSolution
		HideSolutionNode = FALSE
	EndGlobalSection
	GlobalSection(ExtensibilityGlobals) = postSolution
		SolutionGuid = {8F7D30D0-F49D-4A3E-B7D3-16F450F9BFAE}
	EndGlobalSection
EndGlobal
